
Microsoft Visual Studio Solution File, Format Version 12.00
# Visual Studio Version 16
VisualStudioVersion = 16.0.29411.108
MinimumVisualStudioVersion = 10.0.40219.1
Project("{FAE04EC0-301F-11D3-BF4B-00C04F79EFBC}") = "API", "API\API.csproj", "{2D2BF34A-A4D0-43B2-95C5-D1FB05568FED}"
EndProject
Project("{FAE04EC0-301F-11D3-BF4B-00C04F79EFBC}") = "Domain", "Domain\Domain.csproj", "{636D8326-18FF-45F7-A107-34287E67E584}"
EndProject
Project("{FAE04EC0-301F-11D3-BF4B-00C04F79EFBC}") = "Application", "Application\Application.csproj", "{F5592D80-9B08-43F4-8778-CB57F9888A3F}"
EndProject
Project("{FAE04EC0-301F-11D3-BF4B-00C04F79EFBC}") = "Persistence", "Persistence\Persistence.csproj", "{75CABF0A-67BE-4AE2-A4B9-23F2C2EF0319}"
EndProject
Project("{FAE04EC0-301F-11D3-BF4B-00C04F79EFBC}") = "Infrastructure.Ioc", "Infrastructure.Ioc\Infrastructure.Ioc.csproj", "{CB86F787-E95F-4DAB-A340-39B3251FDB75}"
EndProject
Global
	GlobalSection(SolutionConfigurationPlatforms) = preSolution
		Debug|Any CPU = Debug|Any CPU
		Release|Any CPU = Release|Any CPU
	EndGlobalSection
	GlobalSection(ProjectConfigurationPlatforms) = postSolution
		{2D2BF34A-A4D0-43B2-95C5-D1FB05568FED}.Debug|Any CPU.ActiveCfg = Debug|Any CPU
		{2D2BF34A-A4D0-43B2-95C5-D1FB05568FED}.Debug|Any CPU.Build.0 = Debug|Any CPU
		{2D2BF34A-A4D0-43B2-95C5-D1FB05568FED}.Release|Any CPU.ActiveCfg = Release|Any CPU
		{2D2BF34A-A4D0-43B2-95C5-D1FB05568FED}.Release|Any CPU.Build.0 = Release|Any CPU
		{636D8326-18FF-45F7-A107-34287E67E584}.Debug|Any CPU.ActiveCfg = Debug|Any CPU
		{636D8326-18FF-45F7-A107-34287E67E584}.Debug|Any CPU.Build.0 = Debug|Any CPU
		{636D8326-18FF-45F7-A107-34287E67E584}.Release|Any CPU.ActiveCfg = Release|Any CPU
		{636D8326-18FF-45F7-A107-34287E67E584}.Release|Any CPU.Build.0 = Release|Any CPU
		{F5592D80-9B08-43F4-8778-CB57F9888A3F}.Debug|Any CPU.ActiveCfg = Debug|Any CPU
		{F5592D80-9B08-43F4-8778-CB57F9888A3F}.Debug|Any CPU.Build.0 = Debug|Any CPU
		{F5592D80-9B08-43F4-8778-CB57F9888A3F}.Release|Any CPU.ActiveCfg = Release|Any CPU
		{F5592D80-9B08-43F4-8778-CB57F9888A3F}.Release|Any CPU.Build.0 = Release|Any CPU
		{75CABF0A-67BE-4AE2-A4B9-23F2C2EF0319}.Debug|Any CPU.ActiveCfg = Debug|Any CPU
		{75CABF0A-67BE-4AE2-A4B9-23F2C2EF0319}.Debug|Any CPU.Build.0 = Debug|Any CPU
		{75CABF0A-67BE-4AE2-A4B9-23F2C2EF0319}.Release|Any CPU.ActiveCfg = Release|Any CPU
		{75CABF0A-67BE-4AE2-A4B9-23F2C2EF0319}.Release|Any CPU.Build.0 = Release|Any CPU
		{CB86F787-E95F-4DAB-A340-39B3251FDB75}.Debug|Any CPU.ActiveCfg = Debug|Any CPU
		{CB86F787-E95F-4DAB-A340-39B3251FDB75}.Debug|Any CPU.Build.0 = Debug|Any CPU
		{CB86F787-E95F-4DAB-A340-39B3251FDB75}.Release|Any CPU.ActiveCfg = Release|Any CPU
		{CB86F787-E95F-4DAB-A340-39B3251FDB75}.Release|Any CPU.Build.0 = Release|Any CPU
	EndGlobalSection
	GlobalSection(SolutionProperties) = preSolution
		HideSolutionNode = FALSE
	EndGlobalSection
	GlobalSection(ExtensibilityGlobals) = postSolution
		SolutionGuid = {B538D54F-BEF2-435F-8E3B-DF8B4002E22A}
	EndGlobalSection
EndGlobal
